
Microsoft Visual Studio Solution File, Format Version 12.00
# Visual Studio Version 17
VisualStudioVersion = 17.12.35527.113 d17.12
MinimumVisualStudioVersion = 10.0.40219.1
Project("{FAE04EC0-301F-11D3-BF4B-00C04F79EFBC}") = "ExcursionAPI", "ExcursionAPI\ExcursionAPI.csproj", "{42F52CA8-8A54-4910-B3D5-7110E8345456}"
EndProject
Project("{FAE04EC0-301F-11D3-BF4B-00C04F79EFBC}") = "DataAccess", "DataAccess\DataAccess.csproj", "{0B528C82-F7E9-4D88-A7A2-A6A7E19E4EE2}"
EndProject
Project("{FAE04EC0-301F-11D3-BF4B-00C04F79EFBC}") = "Domain", "Domain\Domain.csproj", "{1511546C-A294-4DE0-8C80-34F583E8857A}"
EndProject
Project("{FAE04EC0-301F-11D3-BF4B-00C04F79EFBC}") = "BusinessLogic", "BusinessLogic\BusinessLogic.csproj", "{BCEE2BB4-1940-4B69-B41F-0FABFF2A32B3}"
EndProject
Global
	GlobalSection(SolutionConfigurationPlatforms) = preSolution
		Debug|Any CPU = Debug|Any CPU
		Release|Any CPU = Release|Any CPU
	EndGlobalSection
	GlobalSection(ProjectConfigurationPlatforms) = postSolution
		{42F52CA8-8A54-4910-B3D5-7110E8345456}.Debug|Any CPU.ActiveCfg = Debug|Any CPU
		{42F52CA8-8A54-4910-B3D5-7110E8345456}.Debug|Any CPU.Build.0 = Debug|Any CPU
		{42F52CA8-8A54-4910-B3D5-7110E8345456}.Release|Any CPU.ActiveCfg = Release|Any CPU
		{42F52CA8-8A54-4910-B3D5-7110E8345456}.Release|Any CPU.Build.0 = Release|Any CPU
		{0B528C82-F7E9-4D88-A7A2-A6A7E19E4EE2}.Debug|Any CPU.ActiveCfg = Debug|Any CPU
		{0B528C82-F7E9-4D88-A7A2-A6A7E19E4EE2}.Debug|Any CPU.Build.0 = Debug|Any CPU
		{0B528C82-F7E9-4D88-A7A2-A6A7E19E4EE2}.Release|Any CPU.ActiveCfg = Release|Any CPU
		{0B528C82-F7E9-4D88-A7A2-A6A7E19E4EE2}.Release|Any CPU.Build.0 = Release|Any CPU
		{1511546C-A294-4DE0-8C80-34F583E8857A}.Debug|Any CPU.ActiveCfg = Debug|Any CPU
		{1511546C-A294-4DE0-8C80-34F583E8857A}.Debug|Any CPU.Build.0 = Debug|Any CPU
		{1511546C-A294-4DE0-8C80-34F583E8857A}.Release|Any CPU.ActiveCfg = Release|Any CPU
		{1511546C-A294-4DE0-8C80-34F583E8857A}.Release|Any CPU.Build.0 = Release|Any CPU
		{BCEE2BB4-1940-4B69-B41F-0FABFF2A32B3}.Debug|Any CPU.ActiveCfg = Debug|Any CPU
		{BCEE2BB4-1940-4B69-B41F-0FABFF2A32B3}.Debug|Any CPU.Build.0 = Debug|Any CPU
		{BCEE2BB4-1940-4B69-B41F-0FABFF2A32B3}.Release|Any CPU.ActiveCfg = Release|Any CPU
		{BCEE2BB4-1940-4B69-B41F-0FABFF2A32B3}.Release|Any CPU.Build.0 = Release|Any CPU
	EndGlobalSection
	GlobalSection(SolutionProperties) = preSolution
		HideSolutionNode = FALSE
	EndGlobalSection
EndGlobal
